// !$*UTF8*$!
{
	archiveVersion = 1;
	classes = {
	};
	objectVersion = 46;
	objects = {

/* Begin PBXBuildFile section */
		3A2731651CFE9AB800F51744 /* AppDelegate.swift in Sources */ = {isa = PBXBuildFile; fileRef = 3A2731641CFE9AB800F51744 /* AppDelegate.swift */; };
		3A2731671CFE9AB800F51744 /* ViewController.swift in Sources */ = {isa = PBXBuildFile; fileRef = 3A2731661CFE9AB800F51744 /* ViewController.swift */; };
		3A27316A1CFE9AB800F51744 /* Main.storyboard in Resources */ = {isa = PBXBuildFile; fileRef = 3A2731681CFE9AB800F51744 /* Main.storyboard */; };
		3A27316C1CFE9AB800F51744 /* Assets.xcassets in Resources */ = {isa = PBXBuildFile; fileRef = 3A27316B1CFE9AB800F51744 /* Assets.xcassets */; };
		3A27316F1CFE9AB800F51744 /* LaunchScreen.storyboard in Resources */ = {isa = PBXBuildFile; fileRef = 3A27316D1CFE9AB800F51744 /* LaunchScreen.storyboard */; };
/* End PBXBuildFile section */

/* Begin PBXFileReference section */
		3A2731611CFE9AB700F51744 /* RandomeViewController.app */ = {isa = PBXFileReference; explicitFileType = wrapper.application; includeInIndex = 0; path = RandomeViewController.app; sourceTree = BUILT_PRODUCTS_DIR; };
		3A2731641CFE9AB800F51744 /* AppDelegate.swift */ = {isa = PBXFileReference; lastKnownFileType = sourcecode.swift; path = AppDelegate.swift; sourceTree = "<group>"; };
		3A2731661CFE9AB800F51744 /* ViewController.swift */ = {isa = PBXFileReference; lastKnownFileType = sourcecode.swift; path = ViewController.swift; sourceTree = "<group>"; };
		3A2731691CFE9AB800F51744 /* Base */ = {isa = PBXFileReference; lastKnownFileType = file.storyboard; name = Base; path = Base.lproj/Main.storyboard; sourceTree = "<group>"; };
		3A27316B1CFE9AB800F51744 /* Assets.xcassets */ = {isa = PBXFileReference; lastKnownFileType = folder.assetcatalog; path = Assets.xcassets; sourceTree = "<group>"; };
		3A27316E1CFE9AB800F51744 /* Base */ = {isa = PBXFileReference; lastKnownFileType = file.storyboard; name = Base; path = Base.lproj/LaunchScreen.storyboard; sourceTree = "<group>"; };
		3A2731701CFE9AB800F51744 /* Info.plist */ = {isa = PBXFileReference; lastKnownFileType = text.plist.xml; path = Info.plist; sourceTree = "<group>"; };
/* End PBXFileReference section */

/* Begin PBXFrameworksBuildPhase section */
		3A27315E1CFE9AB700F51744 /* Frameworks */ = {
			isa = PBXFrameworksBuildPhase;
			buildActionMask = 2147483647;
			files = (
			);
			runOnlyForDeploymentPostprocessing = 0;
		};
/* End PBXFrameworksBuildPhase section */

/* Begin PBXGroup section */
		3A2731581CFE9AB700F51744 = {
			isa = PBXGroup;
			children = (
				3A2731631CFE9AB800F51744 /* RandomeViewController */,
				3A2731621CFE9AB700F51744 /* Products */,
			);
			sourceTree = "<group>";
		};
		3A2731621CFE9AB700F51744 /* Products */ = {
			isa = PBXGroup;
			children = (
				3A2731611CFE9AB700F51744 /* RandomeViewController.app */,
			);
			name = Products;
			sourceTree = "<group>";
		};
		3A2731631CFE9AB800F51744 /* RandomeViewController */ = {
			isa = PBXGroup;
			children = (
				3A2731641CFE9AB800F51744 /* AppDelegate.swift */,
				3A2731661CFE9AB800F51744 /* ViewController.swift */,
				3A2731681CFE9AB800F51744 /* Main.storyboard */,
				3A27316B1CFE9AB800F51744 /* Assets.xcassets */,
				3A27316D1CFE9AB800F51744 /* LaunchScreen.storyboard */,
				3A2731701CFE9AB800F51744 /* Info.plist */,
			);
			path = RandomeViewController;
			sourceTree = "<group>";
		};
/* End PBXGroup section */

/* Begin PBXNativeTarget section */
		3A2731601CFE9AB700F51744 /* RandomeViewController */ = {
			isa = PBXNativeTarget;
			buildConfigurationList = 3A2731731CFE9AB800F51744 /* Build configuration list for PBXNativeTarget "RandomeViewController" */;
			buildPhases = (
				3A27315D1CFE9AB700F51744 /* Sources */,
				3A27315E1CFE9AB700F51744 /* Frameworks */,
				3A27315F1CFE9AB700F51744 /* Resources */,
			);
			buildRules = (
			);
			dependencies = (
			);
			name = RandomeViewController;
			productName = RandomeViewController;
			productReference = 3A2731611CFE9AB700F51744 /* RandomeViewController.app */;
			productType = "com.apple.product-type.application";
		};
/* End PBXNativeTarget section */

/* Begin PBXProject section */
		3A2731591CFE9AB700F51744 /* Project object */ = {
			isa = PBXProject;
			attributes = {
				LastSwiftUpdateCheck = 0730;
				LastUpgradeCheck = 0730;
				ORGANIZATIONNAME = "Zhipeng Mei";
				TargetAttributes = {
					3A2731601CFE9AB700F51744 = {
						CreatedOnToolsVersion = 7.3;
						DevelopmentTeam = V5KYEP5U7A;
					};
				};
			};
			buildConfigurationList = 3A27315C1CFE9AB700F51744 /* Build configuration list for PBXProject "RandomeViewController" */;
			compatibilityVersion = "Xcode 3.2";
			developmentRegion = English;
			hasScannedForEncodings = 0;
			knownRegions = (
				en,
				Base,
			);
			mainGroup = 3A2731581CFE9AB700F51744;
			productRefGroup = 3A2731621CFE9AB700F51744 /* Products */;
			projectDirPath = "";
			projectRoot = "";
			targets = (
				3A2731601CFE9AB700F51744 /* RandomeViewController */,
			);
		};
/* End PBXProject section */

/* Begin PBXResourcesBuildPhase section */
		3A27315F1CFE9AB700F51744 /* Resources */ = {
			isa = PBXResourcesBuildPhase;
			buildActionMask = 2147483647;
			files = (
				3A27316F1CFE9AB800F51744 /* LaunchScreen.storyboard in Resources */,
				3A27316C1CFE9AB800F51744 /* Assets.xcassets in Resources */,
				3A27316A1CFE9AB800F51744 /* Main.storyboard in Resources */,
			);
			runOnlyForDeploymentPostprocessing = 0;
		};
/* End PBXResourcesBuildPhase section */

/* Begin PBXSourcesBuildPhase section */
		3A27315D1CFE9AB700F51744 /* Sources */ = {
			isa = PBXSourcesBuildPhase;
			buildActionMask = 2147483647;
			files = (
				3A2731671CFE9AB800F51744 /* ViewController.swift in Sources */,
				3A2731651CFE9AB800F51744 /* AppDelegate.swift in Sources */,
			);
			runOnlyForDeploymentPostprocessing = 0;
		};
/* End PBXSourcesBuildPhase section */

/* Begin PBXVariantGroup section */
		3A2731681CFE9AB800F51744 /* Main.storyboard */ = {
			isa = PBXVariantGroup;
			children = (
				3A2731691CFE9AB800F51744 /* Base */,
			);
			name = Main.storyboard;
			sourceTree = "<group>";
		};
		3A27316D1CFE9AB800F51744 /* LaunchScreen.storyboard */ = {
			isa = PBXVariantGroup;
			children = (
				3A27316E1CFE9AB800F51744 /* Base */,
			);
			name = LaunchScreen.storyboard;
			sourceTree = "<group>";
		};
/* End PBXVariantGroup section */

/* Begin XCBuildConfiguration section */
		3A2731711CFE9AB800F51744 /* Debug */ = {
			isa = XCBuildConfiguration;
			buildSettings = {
				ALWAYS_SEARCH_USER_PATHS = NO;
				CLANG_ANALYZER_NONNULL = YES;
				CLANG_CXX_LANGUAGE_STANDARD = "gnu++0x";
				CLANG_CXX_LIBRARY = "libc++";
				CLANG_ENABLE_MODULES = YES;
				CLANG_ENABLE_OBJC_ARC = YES;
				CLANG_WARN_BOOL_CONVERSION = YES;
				CLANG_WARN_CONSTANT_CONVERSION = YES;
				CLANG_WARN_DIRECT_OBJC_ISA_USAGE = YES_ERROR;
				CLANG_WARN_EMPTY_BODY = YES;
				CLANG_WARN_ENUM_CONVERSION = YES;
				CLANG_WARN_INT_CONVERSION = YES;
				CLANG_WARN_OBJC_ROOT_CLASS = YES_ERROR;
				CLANG_WARN_UNREACHABLE_CODE = YES;
				CLANG_WARN__DUPLICATE_METHOD_MATCH = YES;
				"CODE_SIGN_IDENTITY[sdk=iphoneos*]" = "iPhone Developer";
				COPY_PHASE_STRIP = NO;
				DEBUG_INFORMATION_FORMAT = dwarf;
				ENABLE_STRICT_OBJC_MSGSEND = YES;
				ENABLE_TESTABILITY = YES;
				GCC_C_LANGUAGE_STANDARD = gnu99;
				GCC_DYNAMIC_NO_PIC = NO;
				GCC_NO_COMMON_BLOCKS = YES;
				GCC_OPTIMIZATION_LEVEL = 0;
				GCC_PREPROCESSOR_DEFINITIONS = (
					"DEBUG=1",
					"$(inherited)",
				);
				GCC_WARN_64_TO_32_BIT_CONVERSION = YES;
				GCC_WARN_ABOUT_RETURN_TYPE = YES_ERROR;
				GCC_WARN_UNDECLARED_SELECTOR = YES;
				GCC_WARN_UNINITIALIZED_AUTOS = YES_AGGRESSIVE;
				GCC_WARN_UNUSED_FUNCTION = YES;
				GCC_WARN_UNUSED_VARIABLE = YES;
				IPHONEOS_DEPLOYMENT_TARGET = 9.3;
				MTL_ENABLE_DEBUG_INFO = YES;
				ONLY_ACTIVE_ARCH = YES;
				SDKROOT = iphoneos;
				SWIFT_OPTIMIZATION_LEVEL = "-Onone";
				TARGETED_DEVICE_FAMILY = "1,2";
			};
			name = Debug;
		};
		3A2731721CFE9AB800F51744 /* Release */ = {
			isa = XCBuildConfiguration;
			buildSettings = {
				ALWAYS_SEARCH_USER_PATHS = NO;
				CLANG_ANALYZER_NONNULL = YES;
				CLANG_CXX_LANGUAGE_STANDARD = "gnu++0x";
				CLANG_CXX_LIBRARY = "libc++";
				CLANG_ENABLE_MODULES = YES;
				CLANG_ENABLE_OBJC_ARC = YES;
				CLANG_WARN_BOOL_CONVERSION = YES;
				CLANG_WARN_CONSTANT_CONVERSION = YES;
				CLANG_WARN_DIRECT_OBJC_ISA_USAGE = YES_ERROR;
				CLANG_WARN_EMPTY_BODY = YES;
				CLANG_WARN_ENUM_CONVERSION = YES;
				CLANG_WARN_INT_CONVERSION = YES;
				CLANG_WARN_OBJC_ROOT_CLASS = YES_ERROR;
				CLANG_WARN_UNREACHABLE_CODE = YES;
				CLANG_WARN__DUPLICATE_METHOD_MATCH = YES;
				"CODE_SIGN_IDENTITY[sdk=iphoneos*]" = "iPhone Developer";
				COPY_PHASE_STRIP = NO;
				DEBUG_INFORMATION_FORMAT = "dwarf-with-dsym";
				ENABLE_NS_ASSERTIONS = NO;
				ENABLE_STRICT_OBJC_MSGSEND = YES;
				GCC_C_LANGUAGE_STANDARD = gnu99;
				GCC_NO_COMMON_BLOCKS = YES;
				GCC_WARN_64_TO_32_BIT_CONVERSION = YES;
				GCC_WARN_ABOUT_RETURN_TYPE = YES_ERROR;
				GCC_WARN_UNDECLARED_SELECTOR = YES;
				GCC_WARN_UNINITIALIZED_AUTOS = YES_AGGRESSIVE;
				GCC_WARN_UNUSED_FUNCTION = YES;
				GCC_WARN_UNUSED_VARIABLE = YES;
				IPHONEOS_DEPLOYMENT_TARGET = 9.3;
				MTL_ENABLE_DEBUG_INFO = NO;
				SDKROOT = iphoneos;
				TARGETED_DEVICE_FAMILY = "1,2";
				VALIDATE_PRODUCT = YES;
			};
			name = Release;
		};
		3A2731741CFE9AB800F51744 /* Debug */ = {
			isa = XCBuildConfiguration;
			buildSettings = {
				ASSETCATALOG_COMPILER_APPICON_NAME = AppIcon;
				INFOPLIST_FILE = RandomeViewController/Info.plist;
				LD_RUNPATH_SEARCH_PATHS = "$(inherited) @executable_path/Frameworks";
				PRODUCT_BUNDLE_IDENTIFIER = com.malemotive.RandomeViewController;
				PRODUCT_NAME = "$(TARGET_NAME)";
			};
			name = Debug;
		};
		3A2731751CFE9AB800F51744 /* Release */ = {
			isa = XCBuildConfiguration;
			buildSettings = {
				ASSETCATALOG_COMPILER_APPICON_NAME = AppIcon;
				INFOPLIST_FILE = RandomeViewController/Info.plist;
				LD_RUNPATH_SEARCH_PATHS = "$(inherited) @executable_path/Frameworks";
				PRODUCT_BUNDLE_IDENTIFIER = com.malemotive.RandomeViewController;
				PRODUCT_NAME = "$(TARGET_NAME)";
			};
			name = Release;
		};
/* End XCBuildConfiguration section */

/* Begin XCConfigurationList section */
		3A27315C1CFE9AB700F51744 /* Build configuration list for PBXProject "RandomeViewController" */ = {
			isa = XCConfigurationList;
			buildConfigurations = (
				3A2731711CFE9AB800F51744 /* Debug */,
				3A2731721CFE9AB800F51744 /* Release */,
			);
			defaultConfigurationIsVisible = 0;
			defaultConfigurationName = Release;
		};
		3A2731731CFE9AB800F51744 /* Build configuration list for PBXNativeTarget "RandomeViewController" */ = {
			isa = XCConfigurationList;
			buildConfigurations = (
				3A2731741CFE9AB800F51744 /* Debug */,
				3A2731751CFE9AB800F51744 /* Release */,
			);
			defaultConfigurationIsVisible = 0;
		};
/* End XCConfigurationList section */
	};
	rootObject = 3A2731591CFE9AB700F51744 /* Project object */;
}
